
Microsoft Visual Studio Solution File, Format Version 12.00
# Visual Studio 2012
Project("{2150E333-8FDC-42A3-9474-1A3956D46DE8}") = "01 User Interface", "01 User Interface", "{8416CEB0-DDCB-4B6A-B9D1-42B6983ED92F}"
EndProject
Project("{2150E333-8FDC-42A3-9474-1A3956D46DE8}") = "02 Business Logic", "02 Business Logic", "{3A428E30-44D5-4ADA-809C-372099456743}"
EndProject
Project("{2150E333-8FDC-42A3-9474-1A3956D46DE8}") = "03 FrameWork", "03 FrameWork", "{91992C0C-BAC2-4BD0-9F99-888419D186CA}"
EndProject
Project("{2150E333-8FDC-42A3-9474-1A3956D46DE8}") = "04 Reference", "04 Reference", "{A2AF189A-5647-4409-B931-D31C988FE1ED}"
EndProject
Project("{2150E333-8FDC-42A3-9474-1A3956D46DE8}") = "05 Solution Items", "05 Solution Items", "{18E643D1-D20C-497D-B2AA-3073FB46D2BA}"
	ProjectSection(SolutionItems) = preProject
		ReadMe.txt = ReadMe.txt
		Solution Items\TaoBao\taobao API 调用示例代码.txt = Solution Items\TaoBao\taobao API 调用示例代码.txt
	EndProjectSection
EndProject
Project("{2150E333-8FDC-42A3-9474-1A3956D46DE8}") = "06 Test", "06 Test", "{DFD49D03-ACDD-4540-BE69-0DE39881F4FE}"
EndProject
Project("{2150E333-8FDC-42A3-9474-1A3956D46DE8}") = "07 Publish", "07 Publish", "{C5F35A90-1662-418A-A438-912A3EC639BC}"
EndProject
Project("{FAE04EC0-301F-11D3-BF4B-00C04F79EFBC}") = "MyTools.WinFormUI", "MyTools\MyTools.WinFormUI.csproj", "{0B0B2324-6531-48CB-86F5-1C937E0F89B3}"
EndProject
Project("{FAE04EC0-301F-11D3-BF4B-00C04F79EFBC}") = "MyTools.IViews", "MyTools.IViews\MyTools.IViews.csproj", "{76B89929-C4D2-4531-830E-C1DFBFAA5050}"
EndProject
Project("{FAE04EC0-301F-11D3-BF4B-00C04F79EFBC}") = "MyTools.IPresenters", "MyTools.IPresenters\MyTools.IPresenters.csproj", "{C83FB8F1-587F-48F5-ABE6-3B7D142B4734}"
EndProject
Project("{FAE04EC0-301F-11D3-BF4B-00C04F79EFBC}") = "MyTools.Presenters", "MyTools.Presenters\MyTools.Presenters.csproj", "{F5744C92-4F7F-4A58-9CD9-AB1EE64B2D8C}"
EndProject
Project("{FAE04EC0-301F-11D3-BF4B-00C04F79EFBC}") = "MyTools.TaoBao.DomainModule", "MyTools.TaoBao.DomainModule\MyTools.TaoBao.DomainModule.csproj", "{CFDA5730-0420-430F-BF57-312B716AFA17}"
EndProject
Project("{FAE04EC0-301F-11D3-BF4B-00C04F79EFBC}") = "MyTools.TaoBao.Interface", "MyTools.TaoBao.Interface\MyTools.TaoBao.Interface.csproj", "{67F099C3-F743-4E52-B0CC-2C06A88D1A78}"
EndProject
Project("{FAE04EC0-301F-11D3-BF4B-00C04F79EFBC}") = "MyTools.TaoBao.Impl", "MyTools.TaoBao.Impl\MyTools.TaoBao.Impl.csproj", "{0A7006AF-066C-43E0-BB32-E17313EB6BB2}"
EndProject
Project("{FAE04EC0-301F-11D3-BF4B-00C04F79EFBC}") = "MyTools.TaoBao.UnitTest", "MyTools.TaoBao.UnitTest\MyTools.TaoBao.UnitTest.csproj", "{8291F169-B677-4A41-8E2F-654690B38082}"
EndProject
Project("{FAE04EC0-301F-11D3-BF4B-00C04F79EFBC}") = "TopSdk", "..\GetTbData\GetTbData\ExternalResource\taobao-sdk-net-online_standard\taobao-sdk-net-online_standard-20130425-source\TopSdk.csproj", "{9C11CAE5-5188-4E71-825B-68FC3135728A}"
EndProject
Project("{FAE04EC0-301F-11D3-BF4B-00C04F79EFBC}") = "Infrastructure.Crosscutting", "..\..\..\MyLibrary\Infrastructure.Crosscutting\Infrastructure.Crosscutting.csproj", "{106C7F00-C03F-4E29-87AF-ACD1BA292078}"
EndProject
Project("{FAE04EC0-301F-11D3-BF4B-00C04F79EFBC}") = "Infrastructure.CrossCutting.IoC.Ninject", "..\..\..\MyLibrary\Infrastructure.CrossCutting.IoC.Ninject\Infrastructure.CrossCutting.IoC.Ninject.csproj", "{1C8CA404-AAD7-4AB9-9497-D7FE5FF5F171}"
EndProject
Global
	GlobalSection(SolutionConfigurationPlatforms) = preSolution
		Debug|Any CPU = Debug|Any CPU
		Release|Any CPU = Release|Any CPU
	EndGlobalSection
	GlobalSection(ProjectConfigurationPlatforms) = postSolution
		{0B0B2324-6531-48CB-86F5-1C937E0F89B3}.Debug|Any CPU.ActiveCfg = Debug|Any CPU
		{0B0B2324-6531-48CB-86F5-1C937E0F89B3}.Debug|Any CPU.Build.0 = Debug|Any CPU
		{0B0B2324-6531-48CB-86F5-1C937E0F89B3}.Release|Any CPU.ActiveCfg = Release|Any CPU
		{0B0B2324-6531-48CB-86F5-1C937E0F89B3}.Release|Any CPU.Build.0 = Release|Any CPU
		{76B89929-C4D2-4531-830E-C1DFBFAA5050}.Debug|Any CPU.ActiveCfg = Debug|Any CPU
		{76B89929-C4D2-4531-830E-C1DFBFAA5050}.Debug|Any CPU.Build.0 = Debug|Any CPU
		{76B89929-C4D2-4531-830E-C1DFBFAA5050}.Release|Any CPU.ActiveCfg = Release|Any CPU
		{76B89929-C4D2-4531-830E-C1DFBFAA5050}.Release|Any CPU.Build.0 = Release|Any CPU
		{C83FB8F1-587F-48F5-ABE6-3B7D142B4734}.Debug|Any CPU.ActiveCfg = Debug|Any CPU
		{C83FB8F1-587F-48F5-ABE6-3B7D142B4734}.Debug|Any CPU.Build.0 = Debug|Any CPU
		{C83FB8F1-587F-48F5-ABE6-3B7D142B4734}.Release|Any CPU.ActiveCfg = Release|Any CPU
		{C83FB8F1-587F-48F5-ABE6-3B7D142B4734}.Release|Any CPU.Build.0 = Release|Any CPU
		{F5744C92-4F7F-4A58-9CD9-AB1EE64B2D8C}.Debug|Any CPU.ActiveCfg = Debug|Any CPU
		{F5744C92-4F7F-4A58-9CD9-AB1EE64B2D8C}.Debug|Any CPU.Build.0 = Debug|Any CPU
		{F5744C92-4F7F-4A58-9CD9-AB1EE64B2D8C}.Release|Any CPU.ActiveCfg = Release|Any CPU
		{F5744C92-4F7F-4A58-9CD9-AB1EE64B2D8C}.Release|Any CPU.Build.0 = Release|Any CPU
		{CFDA5730-0420-430F-BF57-312B716AFA17}.Debug|Any CPU.ActiveCfg = Debug|Any CPU
		{CFDA5730-0420-430F-BF57-312B716AFA17}.Debug|Any CPU.Build.0 = Debug|Any CPU
		{CFDA5730-0420-430F-BF57-312B716AFA17}.Release|Any CPU.ActiveCfg = Release|Any CPU
		{CFDA5730-0420-430F-BF57-312B716AFA17}.Release|Any CPU.Build.0 = Release|Any CPU
		{67F099C3-F743-4E52-B0CC-2C06A88D1A78}.Debug|Any CPU.ActiveCfg = Debug|Any CPU
		{67F099C3-F743-4E52-B0CC-2C06A88D1A78}.Debug|Any CPU.Build.0 = Debug|Any CPU
		{67F099C3-F743-4E52-B0CC-2C06A88D1A78}.Release|Any CPU.ActiveCfg = Release|Any CPU
		{67F099C3-F743-4E52-B0CC-2C06A88D1A78}.Release|Any CPU.Build.0 = Release|Any CPU
		{0A7006AF-066C-43E0-BB32-E17313EB6BB2}.Debug|Any CPU.ActiveCfg = Debug|Any CPU
		{0A7006AF-066C-43E0-BB32-E17313EB6BB2}.Debug|Any CPU.Build.0 = Debug|Any CPU
		{0A7006AF-066C-43E0-BB32-E17313EB6BB2}.Release|Any CPU.ActiveCfg = Release|Any CPU
		{0A7006AF-066C-43E0-BB32-E17313EB6BB2}.Release|Any CPU.Build.0 = Release|Any CPU
		{8291F169-B677-4A41-8E2F-654690B38082}.Debug|Any CPU.ActiveCfg = Debug|Any CPU
		{8291F169-B677-4A41-8E2F-654690B38082}.Debug|Any CPU.Build.0 = Debug|Any CPU
		{8291F169-B677-4A41-8E2F-654690B38082}.Release|Any CPU.ActiveCfg = Release|Any CPU
		{8291F169-B677-4A41-8E2F-654690B38082}.Release|Any CPU.Build.0 = Release|Any CPU
		{9C11CAE5-5188-4E71-825B-68FC3135728A}.Debug|Any CPU.ActiveCfg = Debug|Any CPU
		{9C11CAE5-5188-4E71-825B-68FC3135728A}.Debug|Any CPU.Build.0 = Debug|Any CPU
		{9C11CAE5-5188-4E71-825B-68FC3135728A}.Release|Any CPU.ActiveCfg = Release|Any CPU
		{9C11CAE5-5188-4E71-825B-68FC3135728A}.Release|Any CPU.Build.0 = Release|Any CPU
		{106C7F00-C03F-4E29-87AF-ACD1BA292078}.Debug|Any CPU.ActiveCfg = Debug|Any CPU
		{106C7F00-C03F-4E29-87AF-ACD1BA292078}.Debug|Any CPU.Build.0 = Debug|Any CPU
		{106C7F00-C03F-4E29-87AF-ACD1BA292078}.Release|Any CPU.ActiveCfg = Release|Any CPU
		{106C7F00-C03F-4E29-87AF-ACD1BA292078}.Release|Any CPU.Build.0 = Release|Any CPU
		{1C8CA404-AAD7-4AB9-9497-D7FE5FF5F171}.Debug|Any CPU.ActiveCfg = Debug|Any CPU
		{1C8CA404-AAD7-4AB9-9497-D7FE5FF5F171}.Debug|Any CPU.Build.0 = Debug|Any CPU
		{1C8CA404-AAD7-4AB9-9497-D7FE5FF5F171}.Release|Any CPU.ActiveCfg = Release|Any CPU
		{1C8CA404-AAD7-4AB9-9497-D7FE5FF5F171}.Release|Any CPU.Build.0 = Release|Any CPU
	EndGlobalSection
	GlobalSection(SolutionProperties) = preSolution
		HideSolutionNode = FALSE
	EndGlobalSection
	GlobalSection(NestedProjects) = preSolution
		{0B0B2324-6531-48CB-86F5-1C937E0F89B3} = {8416CEB0-DDCB-4B6A-B9D1-42B6983ED92F}
		{76B89929-C4D2-4531-830E-C1DFBFAA5050} = {8416CEB0-DDCB-4B6A-B9D1-42B6983ED92F}
		{C83FB8F1-587F-48F5-ABE6-3B7D142B4734} = {8416CEB0-DDCB-4B6A-B9D1-42B6983ED92F}
		{F5744C92-4F7F-4A58-9CD9-AB1EE64B2D8C} = {8416CEB0-DDCB-4B6A-B9D1-42B6983ED92F}
		{CFDA5730-0420-430F-BF57-312B716AFA17} = {3A428E30-44D5-4ADA-809C-372099456743}
		{67F099C3-F743-4E52-B0CC-2C06A88D1A78} = {3A428E30-44D5-4ADA-809C-372099456743}
		{0A7006AF-066C-43E0-BB32-E17313EB6BB2} = {3A428E30-44D5-4ADA-809C-372099456743}
		{8291F169-B677-4A41-8E2F-654690B38082} = {3A428E30-44D5-4ADA-809C-372099456743}
		{9C11CAE5-5188-4E71-825B-68FC3135728A} = {A2AF189A-5647-4409-B931-D31C988FE1ED}
		{106C7F00-C03F-4E29-87AF-ACD1BA292078} = {A2AF189A-5647-4409-B931-D31C988FE1ED}
		{1C8CA404-AAD7-4AB9-9497-D7FE5FF5F171} = {A2AF189A-5647-4409-B931-D31C988FE1ED}
	EndGlobalSection
EndGlobal
